
Microsoft Visual Studio Solution File, Format Version 12.00
# Visual Studio 15
VisualStudioVersion = 15.0.26124.0
MinimumVisualStudioVersion = 15.0.26124.0
Project("{FAE04EC0-301F-11D3-BF4B-00C04F79EFBC}") = "ContosoUniversity", "ContosoUniversity\ContosoUniversity.csproj", "{92B7BEB2-4E8D-43B2-B8BA-3295B9579070}"
EndProject
Project("{FAE04EC0-301F-11D3-BF4B-00C04F79EFBC}") = "ContosoUniversity.Test", "ContosoUniversity.Test\ContosoUniversity.Test.csproj", "{A402BA31-B7C8-433F-8721-E159AD99EC24}"
EndProject
Project("{FAE04EC0-301F-11D3-BF4B-00C04F79EFBC}") = "ContosoUniversity.Migrator", "ContosoUniversity.Migrator\ContosoUniversity.Migrator.csproj", "{80E38DF3-5A5D-4B61-843A-606453667B6C}"
EndProject
Global
	GlobalSection(SolutionConfigurationPlatforms) = preSolution
		Debug|Any CPU = Debug|Any CPU
		Debug|x64 = Debug|x64
		Debug|x86 = Debug|x86
		Release|Any CPU = Release|Any CPU
		Release|x64 = Release|x64
		Release|x86 = Release|x86
	EndGlobalSection
	GlobalSection(SolutionProperties) = preSolution
		HideSolutionNode = FALSE
	EndGlobalSection
	GlobalSection(ProjectConfigurationPlatforms) = postSolution
		{92B7BEB2-4E8D-43B2-B8BA-3295B9579070}.Debug|Any CPU.ActiveCfg = Debug|Any CPU
		{92B7BEB2-4E8D-43B2-B8BA-3295B9579070}.Debug|Any CPU.Build.0 = Debug|Any CPU
		{92B7BEB2-4E8D-43B2-B8BA-3295B9579070}.Debug|x64.ActiveCfg = Debug|Any CPU
		{92B7BEB2-4E8D-43B2-B8BA-3295B9579070}.Debug|x64.Build.0 = Debug|Any CPU
		{92B7BEB2-4E8D-43B2-B8BA-3295B9579070}.Debug|x86.ActiveCfg = Debug|Any CPU
		{92B7BEB2-4E8D-43B2-B8BA-3295B9579070}.Debug|x86.Build.0 = Debug|Any CPU
		{92B7BEB2-4E8D-43B2-B8BA-3295B9579070}.Release|Any CPU.ActiveCfg = Release|Any CPU
		{92B7BEB2-4E8D-43B2-B8BA-3295B9579070}.Release|Any CPU.Build.0 = Release|Any CPU
		{92B7BEB2-4E8D-43B2-B8BA-3295B9579070}.Release|x64.ActiveCfg = Release|Any CPU
		{92B7BEB2-4E8D-43B2-B8BA-3295B9579070}.Release|x64.Build.0 = Release|Any CPU
		{92B7BEB2-4E8D-43B2-B8BA-3295B9579070}.Release|x86.ActiveCfg = Release|Any CPU
		{92B7BEB2-4E8D-43B2-B8BA-3295B9579070}.Release|x86.Build.0 = Release|Any CPU
		{A402BA31-B7C8-433F-8721-E159AD99EC24}.Debug|Any CPU.ActiveCfg = Debug|Any CPU
		{A402BA31-B7C8-433F-8721-E159AD99EC24}.Debug|Any CPU.Build.0 = Debug|Any CPU
		{A402BA31-B7C8-433F-8721-E159AD99EC24}.Debug|x64.ActiveCfg = Debug|Any CPU
		{A402BA31-B7C8-433F-8721-E159AD99EC24}.Debug|x64.Build.0 = Debug|Any CPU
		{A402BA31-B7C8-433F-8721-E159AD99EC24}.Debug|x86.ActiveCfg = Debug|Any CPU
		{A402BA31-B7C8-433F-8721-E159AD99EC24}.Debug|x86.Build.0 = Debug|Any CPU
		{A402BA31-B7C8-433F-8721-E159AD99EC24}.Release|Any CPU.ActiveCfg = Release|Any CPU
		{A402BA31-B7C8-433F-8721-E159AD99EC24}.Release|Any CPU.Build.0 = Release|Any CPU
		{A402BA31-B7C8-433F-8721-E159AD99EC24}.Release|x64.ActiveCfg = Release|Any CPU
		{A402BA31-B7C8-433F-8721-E159AD99EC24}.Release|x64.Build.0 = Release|Any CPU
		{A402BA31-B7C8-433F-8721-E159AD99EC24}.Release|x86.ActiveCfg = Release|Any CPU
		{A402BA31-B7C8-433F-8721-E159AD99EC24}.Release|x86.Build.0 = Release|Any CPU
		{80E38DF3-5A5D-4B61-843A-606453667B6C}.Debug|Any CPU.ActiveCfg = Debug|Any CPU
		{80E38DF3-5A5D-4B61-843A-606453667B6C}.Debug|Any CPU.Build.0 = Debug|Any CPU
		{80E38DF3-5A5D-4B61-843A-606453667B6C}.Debug|x64.ActiveCfg = Debug|Any CPU
		{80E38DF3-5A5D-4B61-843A-606453667B6C}.Debug|x64.Build.0 = Debug|Any CPU
		{80E38DF3-5A5D-4B61-843A-606453667B6C}.Debug|x86.ActiveCfg = Debug|Any CPU
		{80E38DF3-5A5D-4B61-843A-606453667B6C}.Debug|x86.Build.0 = Debug|Any CPU
		{80E38DF3-5A5D-4B61-843A-606453667B6C}.Release|Any CPU.ActiveCfg = Release|Any CPU
		{80E38DF3-5A5D-4B61-843A-606453667B6C}.Release|Any CPU.Build.0 = Release|Any CPU
		{80E38DF3-5A5D-4B61-843A-606453667B6C}.Release|x64.ActiveCfg = Release|Any CPU
		{80E38DF3-5A5D-4B61-843A-606453667B6C}.Release|x64.Build.0 = Release|Any CPU
		{80E38DF3-5A5D-4B61-843A-606453667B6C}.Release|x86.ActiveCfg = Release|Any CPU
		{80E38DF3-5A5D-4B61-843A-606453667B6C}.Release|x86.Build.0 = Release|Any CPU
	EndGlobalSection
EndGlobal
